
Microsoft Visual Studio Solution File, Format Version 12.00
# Visual Studio 2013
VisualStudioVersion = 12.0.30110.0
MinimumVisualStudioVersion = 10.0.40219.1
Project("{8BC9CEB8-8B4A-11D0-8D11-00A0C91BC942}") = "EMProject", "EMProject\EMProject.vcxproj", "{8B4FC4B4-9A9D-4B9F-B396-F7DA8BB8C508}"
EndProject
Project("{6141683F-8A12-4E36-9623-2EB02B2C2303}") = "MiniMathLabSetup", "MiniMathLabSetup\MiniMathLabSetup.isproj", "{85221667-0C1C-4753-9C56-915A917C1877}"
EndProject
Global
	GlobalSection(SolutionConfigurationPlatforms) = preSolution
		CD_ROM|Win32 = CD_ROM|Win32
		Debug|Win32 = Debug|Win32
		DVD-5|Win32 = DVD-5|Win32
		Release|Win32 = Release|Win32
		SingleImage|Win32 = SingleImage|Win32
	EndGlobalSection
	GlobalSection(ProjectConfigurationPlatforms) = postSolution
		{8B4FC4B4-9A9D-4B9F-B396-F7DA8BB8C508}.CD_ROM|Win32.ActiveCfg = Release|Win32
		{8B4FC4B4-9A9D-4B9F-B396-F7DA8BB8C508}.CD_ROM|Win32.Build.0 = Release|Win32
		{8B4FC4B4-9A9D-4B9F-B396-F7DA8BB8C508}.Debug|Win32.ActiveCfg = Debug|Win32
		{8B4FC4B4-9A9D-4B9F-B396-F7DA8BB8C508}.Debug|Win32.Build.0 = Debug|Win32
		{8B4FC4B4-9A9D-4B9F-B396-F7DA8BB8C508}.DVD-5|Win32.ActiveCfg = Debug|Win32
		{8B4FC4B4-9A9D-4B9F-B396-F7DA8BB8C508}.DVD-5|Win32.Build.0 = Debug|Win32
		{8B4FC4B4-9A9D-4B9F-B396-F7DA8BB8C508}.Release|Win32.ActiveCfg = Release|Win32
		{8B4FC4B4-9A9D-4B9F-B396-F7DA8BB8C508}.Release|Win32.Build.0 = Release|Win32
		{8B4FC4B4-9A9D-4B9F-B396-F7DA8BB8C508}.Release|Win32.Deploy.0 = Release|Win32
		{8B4FC4B4-9A9D-4B9F-B396-F7DA8BB8C508}.SingleImage|Win32.ActiveCfg = Release|Win32
		{8B4FC4B4-9A9D-4B9F-B396-F7DA8BB8C508}.SingleImage|Win32.Build.0 = Release|Win32
		{85221667-0C1C-4753-9C56-915A917C1877}.CD_ROM|Win32.ActiveCfg = CD_ROM
		{85221667-0C1C-4753-9C56-915A917C1877}.CD_ROM|Win32.Build.0 = CD_ROM
		{85221667-0C1C-4753-9C56-915A917C1877}.Debug|Win32.ActiveCfg = SingleImage
		{85221667-0C1C-4753-9C56-915A917C1877}.Debug|Win32.Build.0 = SingleImage
		{85221667-0C1C-4753-9C56-915A917C1877}.DVD-5|Win32.ActiveCfg = DVD-5
		{85221667-0C1C-4753-9C56-915A917C1877}.DVD-5|Win32.Build.0 = DVD-5
		{85221667-0C1C-4753-9C56-915A917C1877}.Release|Win32.ActiveCfg = SingleImage
		{85221667-0C1C-4753-9C56-915A917C1877}.Release|Win32.Build.0 = SingleImage
		{85221667-0C1C-4753-9C56-915A917C1877}.SingleImage|Win32.ActiveCfg = SingleImage
		{85221667-0C1C-4753-9C56-915A917C1877}.SingleImage|Win32.Build.0 = SingleImage
	EndGlobalSection
	GlobalSection(SolutionProperties) = preSolution
		HideSolutionNode = FALSE
	EndGlobalSection
EndGlobal
