<?xml version="1.0" encoding="utf-8"?>
<Project ToolsVersion="4.0" xmlns="http://schemas.microsoft.com/developer/msbuild/2003">
  <ItemGroup>
    <Filter Include="Source Files">
      <UniqueIdentifier>{4FC737F1-C7A5-4376-A066-2A32D752A2FF}</UniqueIdentifier>
      <Extensions>cpp;c;cc;cxx;def;odl;idl;hpj;bat;asm;asmx</Extensions>
    </Filter>
    <Filter Include="Header Files">
      <UniqueIdentifier>{93995380-89BD-4b04-88EB-625FBE52EBFB}</UniqueIdentifier>
      <Extensions>h;hh;hpp;hxx;hm;inl;inc;xsd</Extensions>
    </Filter>
    <Filter Include="Resource Files">
      <UniqueIdentifier>{67DA6AB6-F800-4c08-8B7A-83BB121AAD01}</UniqueIdentifier>
      <Extensions>rc;ico;cur;bmp;dlg;rc2;rct;bin;rgs;gif;jpg;jpeg;jpe;resx;tiff;tif;png;wav;mfcribbon-ms</Extensions>
    </Filter>
    <Filter Include="Header Files\intrprt">
      <UniqueIdentifier>{5997d720-add0-438e-b8d3-bc426cb10a2e}</UniqueIdentifier>
    </Filter>
    <Filter Include="Header Files\intrprt\cmd">
      <UniqueIdentifier>{c774711a-5998-456a-abfe-4f2f9fc6b950}</UniqueIdentifier>
    </Filter>
    <Filter Include="Header Files\intrprt\pattern">
      <UniqueIdentifier>{492c580d-3d85-47f1-9944-d328be380877}</UniqueIdentifier>
    </Filter>
    <Filter Include="Header Files\math">
      <UniqueIdentifier>{e16adad0-7554-4e49-af4a-b9054b7a41d1}</UniqueIdentifier>
    </Filter>
    <Filter Include="Source Files\intrprt">
      <UniqueIdentifier>{e15b6c7b-e661-423b-86c4-484d697012a0}</UniqueIdentifier>
    </Filter>
    <Filter Include="Source Files\math">
      <UniqueIdentifier>{a391d7f5-16b1-4f09-a865-1d78f243b5d5}</UniqueIdentifier>
    </Filter>
    <Filter Include="Source Files\intrprt\cmd">
      <UniqueIdentifier>{dba92ca2-b83a-4e5f-a62e-ca385e483ce6}</UniqueIdentifier>
    </Filter>
    <Filter Include="Source Files\intrprt\pattern">
      <UniqueIdentifier>{0d2407d0-eec8-4456-b669-65e78601d230}</UniqueIdentifier>
    </Filter>
    <Filter Include="Header Files\math\engine">
      <UniqueIdentifier>{9ff33b5e-a663-48ef-b54f-8009de59b747}</UniqueIdentifier>
    </Filter>
    <Filter Include="Source Files\math\engine">
      <UniqueIdentifier>{c097978a-63f6-44bf-b0d6-486edfba37a3}</UniqueIdentifier>
    </Filter>
    <Filter Include="Header Files\math\engine\expression">
      <UniqueIdentifier>{fafcd7ae-5853-4562-9a08-635d1ac9a7ea}</UniqueIdentifier>
    </Filter>
    <Filter Include="Header Files\math\engine\expression\operators">
      <UniqueIdentifier>{ea206c50-dd48-44f7-bb2d-29d50846665f}</UniqueIdentifier>
    </Filter>
    <Filter Include="Header Files\math\engine\expression\functions">
      <UniqueIdentifier>{39dbb31c-7c06-4b9c-b2d7-e1769a4b1b99}</UniqueIdentifier>
    </Filter>
    <Filter Include="Source Files\math\engine\functions">
      <UniqueIdentifier>{8780bbc6-53c3-4898-8c02-554dbac7ca15}</UniqueIdentifier>
    </Filter>
    <Filter Include="Source Files\math\engine\operators">
      <UniqueIdentifier>{f9cd90dc-800a-4b99-bc02-74ead6359f9e}</UniqueIdentifier>
    </Filter>
  </ItemGroup>
  <ItemGroup>
    <ClCompile Include="MainForm.cpp">
      <Filter>Source Files</Filter>
    </ClCompile>
    <ClCompile Include="Command.cpp">
      <Filter>Source Files\intrprt\cmd</Filter>
    </ClCompile>
    <ClCompile Include="CommandTable.cpp">
      <Filter>Source Files\intrprt\cmd</Filter>
    </ClCompile>
    <ClCompile Include="PrintCommand.cpp">
      <Filter>Source Files\intrprt\cmd</Filter>
    </ClCompile>
    <ClCompile Include="CreateMatrixCommand.cpp">
      <Filter>Source Files\intrprt\cmd</Filter>
    </ClCompile>
    <ClCompile Include="CommandPatternAnalyzer.cpp">
      <Filter>Source Files\intrprt\pattern</Filter>
    </ClCompile>
    <ClCompile Include="CommentPatternAnalyzer.cpp">
      <Filter>Source Files\intrprt\pattern</Filter>
    </ClCompile>
    <ClCompile Include="PatternAnalyzer.cpp">
      <Filter>Source Files\intrprt\pattern</Filter>
    </ClCompile>
    <ClCompile Include="ConstantTable.cpp">
      <Filter>Source Files\intrprt</Filter>
    </ClCompile>
    <ClCompile Include="Message.cpp">
      <Filter>Source Files\intrprt</Filter>
    </ClCompile>
    <ClCompile Include="VariableTable.cpp">
      <Filter>Source Files\intrprt</Filter>
    </ClCompile>
    <ClCompile Include="Vector.cpp">
      <Filter>Source Files\math</Filter>
    </ClCompile>
    <ClCompile Include="Scalar.cpp">
      <Filter>Source Files\math</Filter>
    </ClCompile>
    <ClCompile Include="MathObject.cpp">
      <Filter>Source Files\math</Filter>
    </ClCompile>
    <ClCompile Include="Matrix.cpp">
      <Filter>Source Files\math</Filter>
    </ClCompile>
    <ClCompile Include="PatternTable.cpp">
      <Filter>Source Files\intrprt\pattern</Filter>
    </ClCompile>
    <ClCompile Include="MappingTable.cpp">
      <Filter>Source Files\intrprt</Filter>
    </ClCompile>
    <ClCompile Include="CreateVectorCommand.cpp">
      <Filter>Source Files\intrprt\cmd</Filter>
    </ClCompile>
    <ClCompile Include="CreateScalarCommand.cpp">
      <Filter>Source Files\intrprt\cmd</Filter>
    </ClCompile>
    <ClCompile Include="CreateMathObjectCommand.cpp">
      <Filter>Source Files\intrprt\cmd</Filter>
    </ClCompile>
    <ClCompile Include="Interpreter.cpp">
      <Filter>Source Files\intrprt</Filter>
    </ClCompile>
    <ClCompile Include="InterpreterFactory.cpp">
      <Filter>Source Files\intrprt</Filter>
    </ClCompile>
    <ClCompile Include="DeleteCommand.cpp">
      <Filter>Source Files\intrprt\cmd</Filter>
    </ClCompile>
    <ClCompile Include="SettingsCommand.cpp">
      <Filter>Source Files\intrprt\cmd</Filter>
    </ClCompile>
    <ClCompile Include="ShowStorageCommand.cpp">
      <Filter>Source Files\intrprt\cmd</Filter>
    </ClCompile>
    <ClCompile Include="MathHelper.cpp">
      <Filter>Source Files\math</Filter>
    </ClCompile>
    <ClCompile Include="Expression.cpp">
      <Filter>Source Files\math\engine</Filter>
    </ClCompile>
    <ClCompile Include="ArithmeticEngine.cpp">
      <Filter>Source Files\math\engine</Filter>
    </ClCompile>
    <ClCompile Include="MathObjExp.cpp">
      <Filter>Source Files\math\engine</Filter>
    </ClCompile>
    <ClCompile Include="BinaryOperator.cpp">
      <Filter>Source Files\math\engine\operators</Filter>
    </ClCompile>
    <ClCompile Include="Function.cpp">
      <Filter>Source Files\math\engine\functions</Filter>
    </ClCompile>
    <ClCompile Include="OperatorFactory.cpp">
      <Filter>Source Files\math\engine\operators</Filter>
    </ClCompile>
    <ClCompile Include="FunctionFactory.cpp">
      <Filter>Source Files\math\engine\functions</Filter>
    </ClCompile>
    <ClCompile Include="SubtractionOperator.cpp">
      <Filter>Source Files\math\engine\operators</Filter>
    </ClCompile>
    <ClCompile Include="AdditionOperator.cpp">
      <Filter>Source Files\math\engine\operators</Filter>
    </ClCompile>
    <ClCompile Include="DivisionOperator.cpp">
      <Filter>Source Files\math\engine\operators</Filter>
    </ClCompile>
    <ClCompile Include="MultiplicationOperator.cpp">
      <Filter>Source Files\math\engine\operators</Filter>
    </ClCompile>
    <ClCompile Include="CrossProductOperator.cpp">
      <Filter>Source Files\math\engine\operators</Filter>
    </ClCompile>
    <ClCompile Include="KeywordCollection.cpp">
      <Filter>Source Files\intrprt</Filter>
    </ClCompile>
    <ClCompile Include="CommutativeOperator.cpp">
      <Filter>Source Files\math\engine\operators</Filter>
    </ClCompile>
    <ClCompile Include="AssignmentPatternAnalyzer.cpp">
      <Filter>Source Files\intrprt\pattern</Filter>
    </ClCompile>
    <ClCompile Include="MagFunction.cpp">
      <Filter>Source Files\math\engine\functions</Filter>
    </ClCompile>
    <ClCompile Include="ProjFunction.cpp">
      <Filter>Source Files\math\engine\functions</Filter>
    </ClCompile>
    <ClCompile Include="RegistrationArea.cpp">
      <Filter>Source Files\intrprt</Filter>
    </ClCompile>
    <ClCompile Include="CommandFactory.cpp">
      <Filter>Source Files</Filter>
    </ClCompile>
    <ClCompile Include="JudgeCommand.cpp">
      <Filter>Source Files</Filter>
    </ClCompile>
  </ItemGroup>
  <ItemGroup>
    <ClInclude Include="MainForm.h">
      <Filter>Source Files</Filter>
    </ClInclude>
    <ClInclude Include="Vector.h">
      <Filter>Header Files\math</Filter>
    </ClInclude>
    <ClInclude Include="Scalar.h">
      <Filter>Header Files\math</Filter>
    </ClInclude>
    <ClInclude Include="Matrix.h">
      <Filter>Header Files\math</Filter>
    </ClInclude>
    <ClInclude Include="MathObject.h">
      <Filter>Header Files\math</Filter>
    </ClInclude>
    <ClInclude Include="Command.h">
      <Filter>Header Files\intrprt\cmd</Filter>
    </ClInclude>
    <ClInclude Include="CommandTable.h">
      <Filter>Header Files\intrprt\cmd</Filter>
    </ClInclude>
    <ClInclude Include="CreateMatrixCommand.h">
      <Filter>Header Files\intrprt\cmd</Filter>
    </ClInclude>
    <ClInclude Include="PrintCommand.h">
      <Filter>Header Files\intrprt\cmd</Filter>
    </ClInclude>
    <ClInclude Include="PatternTable.h">
      <Filter>Header Files\intrprt\pattern</Filter>
    </ClInclude>
    <ClInclude Include="CommentPatternAnalyzer.h">
      <Filter>Header Files\intrprt\pattern</Filter>
    </ClInclude>
    <ClInclude Include="CommandPatternAnalyzer.h">
      <Filter>Header Files\intrprt\pattern</Filter>
    </ClInclude>
    <ClInclude Include="PatternAnalyzer.h">
      <Filter>Header Files\intrprt\pattern</Filter>
    </ClInclude>
    <ClInclude Include="VariableTable.h">
      <Filter>Header Files\intrprt</Filter>
    </ClInclude>
    <ClInclude Include="ConstantTable.h">
      <Filter>Header Files\intrprt</Filter>
    </ClInclude>
    <ClInclude Include="MappingTable.h">
      <Filter>Header Files\intrprt</Filter>
    </ClInclude>
    <ClInclude Include="Message.h">
      <Filter>Header Files\intrprt</Filter>
    </ClInclude>
    <ClInclude Include="CreateVectorCommand.h">
      <Filter>Header Files\intrprt\cmd</Filter>
    </ClInclude>
    <ClInclude Include="CreateScalarCommand.h">
      <Filter>Header Files\intrprt\cmd</Filter>
    </ClInclude>
    <ClInclude Include="CreateMathObjectCommand.h">
      <Filter>Header Files\intrprt\cmd</Filter>
    </ClInclude>
    <ClInclude Include="Interpreter.h">
      <Filter>Header Files\intrprt</Filter>
    </ClInclude>
    <ClInclude Include="InterpreterFactory.h">
      <Filter>Header Files\intrprt</Filter>
    </ClInclude>
    <ClInclude Include="DeleteCommand.h">
      <Filter>Header Files\intrprt\cmd</Filter>
    </ClInclude>
    <ClInclude Include="KeywordCollection.h">
      <Filter>Header Files\intrprt</Filter>
    </ClInclude>
    <ClInclude Include="SettingsCommand.h">
      <Filter>Header Files\intrprt\cmd</Filter>
    </ClInclude>
    <ClInclude Include="ShowStorageCommand.h">
      <Filter>Header Files\intrprt\cmd</Filter>
    </ClInclude>
    <ClInclude Include="All_Commands.h">
      <Filter>Header Files\intrprt\cmd</Filter>
    </ClInclude>
    <ClInclude Include="All_Patterns.h">
      <Filter>Header Files\intrprt\pattern</Filter>
    </ClInclude>
    <ClInclude Include="MathHelper.h">
      <Filter>Header Files\math</Filter>
    </ClInclude>
    <ClInclude Include="All_Math.h">
      <Filter>Header Files\math</Filter>
    </ClInclude>
    <ClInclude Include="ArithmeticEngine.h">
      <Filter>Header Files\math\engine</Filter>
    </ClInclude>
    <ClInclude Include="MathObjExp.h">
      <Filter>Header Files\math\engine\expression</Filter>
    </ClInclude>
    <ClInclude Include="Expression.h">
      <Filter>Header Files\math\engine\expression</Filter>
    </ClInclude>
    <ClInclude Include="BinaryOperator.h">
      <Filter>Header Files\math\engine\expression\operators</Filter>
    </ClInclude>
    <ClInclude Include="Function.h">
      <Filter>Header Files\math\engine\expression\functions</Filter>
    </ClInclude>
    <ClInclude Include="OperatorFactory.h">
      <Filter>Header Files\math\engine\expression\operators</Filter>
    </ClInclude>
    <ClInclude Include="FunctionFactory.h">
      <Filter>Header Files\math\engine\expression\functions</Filter>
    </ClInclude>
    <ClInclude Include="SubtractionOperator.h">
      <Filter>Header Files\math\engine\expression\operators</Filter>
    </ClInclude>
    <ClInclude Include="AdditionOperator.h">
      <Filter>Header Files\math\engine\expression\operators</Filter>
    </ClInclude>
    <ClInclude Include="DivisionOperator.h">
      <Filter>Header Files\math\engine\expression\operators</Filter>
    </ClInclude>
    <ClInclude Include="MultiplicationOperator.h">
      <Filter>Header Files\math\engine\expression\operators</Filter>
    </ClInclude>
    <ClInclude Include="CrossProductOperator.h">
      <Filter>Header Files\math\engine\expression\operators</Filter>
    </ClInclude>
    <ClInclude Include="All_Operators.h">
      <Filter>Header Files\math\engine\expression\operators</Filter>
    </ClInclude>
    <ClInclude Include="All_Expressions.h">
      <Filter>Header Files\math\engine\expression</Filter>
    </ClInclude>
    <ClInclude Include="CommutativeOperator.h">
      <Filter>Header Files\math\engine\expression\operators</Filter>
    </ClInclude>
    <ClInclude Include="All_Functions.h">
      <Filter>Header Files\math\engine\expression\functions</Filter>
    </ClInclude>
    <ClInclude Include="AssignmentPatternAnalyzer.h">
      <Filter>Header Files\intrprt\pattern</Filter>
    </ClInclude>
    <ClInclude Include="MagFunction.h">
      <Filter>Header Files\math\engine\expression\functions</Filter>
    </ClInclude>
    <ClInclude Include="ProjFunction.h">
      <Filter>Header Files\math\engine\expression\functions</Filter>
    </ClInclude>
    <ClInclude Include="CommandFactory.h">
      <Filter>Header Files\intrprt\cmd</Filter>
    </ClInclude>
    <ClInclude Include="JudgeCommand.h">
      <Filter>Header Files\intrprt\cmd</Filter>
    </ClInclude>
    <ClInclude Include="RegistrationArea.h">
      <Filter>Header Files\intrprt</Filter>
    </ClInclude>
  </ItemGroup>
  <ItemGroup>
    <EmbeddedResource Include="MainForm.resx">
      <Filter>Resource Files</Filter>
    </EmbeddedResource>
  </ItemGroup>
</Project>